
Microsoft Visual Studio Solution File, Format Version 12.00
# Visual Studio Version 17
VisualStudioVersion = 17.0.31903.59
MinimumVisualStudioVersion = 10.0.40219.1
Project("{FAE04EC0-301F-11D3-BF4B-00C04F79EFBC}") = "CoreBusiness", "CoreBusiness\CoreBusiness.csproj", "{7C41696D-8153-4E98-969A-A6A6A2EBA630}"
EndProject
Project("{2150E333-8FDC-42A3-9474-1A3956D46DE8}") = "Plugins", "Plugins", "{1C72AD61-E585-4117-9A3D-2F34B80B4CEC}"
EndProject
Project("{FAE04EC0-301F-11D3-BF4B-00C04F79EFBC}") = "Plugins.DataStore.InMemory", "Plugins\Plugins.DataStore.InMemory\Plugins.DataStore.InMemory.csproj", "{ECAEA126-BBF3-448E-BE0A-4E624E175277}"
EndProject
Project("{FAE04EC0-301F-11D3-BF4B-00C04F79EFBC}") = "Plugins.DataStore.SQL", "Plugins\Plugins.DataStore.SQL\Plugins.DataStore.SQL.csproj", "{7B38C498-548B-494D-AD78-DE91B80053A4}"
EndProject
Project("{FAE04EC0-301F-11D3-BF4B-00C04F79EFBC}") = "UseCases", "UseCases\UseCases.csproj", "{E9D0ACAE-9948-42C4-AA6E-F12C70646DBA}"
EndProject
Project("{FAE04EC0-301F-11D3-BF4B-00C04F79EFBC}") = "WebApp", "WebApp\WebApp.csproj", "{97574E13-FAB1-4A47-B142-30DAB00B3A3F}"
EndProject
Global
	GlobalSection(SolutionConfigurationPlatforms) = preSolution
		Debug|Any CPU = Debug|Any CPU
		Release|Any CPU = Release|Any CPU
	EndGlobalSection
	GlobalSection(SolutionProperties) = preSolution
		HideSolutionNode = FALSE
	EndGlobalSection
	GlobalSection(ProjectConfigurationPlatforms) = postSolution
		{7C41696D-8153-4E98-969A-A6A6A2EBA630}.Debug|Any CPU.ActiveCfg = Debug|Any CPU
		{7C41696D-8153-4E98-969A-A6A6A2EBA630}.Debug|Any CPU.Build.0 = Debug|Any CPU
		{7C41696D-8153-4E98-969A-A6A6A2EBA630}.Release|Any CPU.ActiveCfg = Release|Any CPU
		{7C41696D-8153-4E98-969A-A6A6A2EBA630}.Release|Any CPU.Build.0 = Release|Any CPU
		{ECAEA126-BBF3-448E-BE0A-4E624E175277}.Debug|Any CPU.ActiveCfg = Debug|Any CPU
		{ECAEA126-BBF3-448E-BE0A-4E624E175277}.Debug|Any CPU.Build.0 = Debug|Any CPU
		{ECAEA126-BBF3-448E-BE0A-4E624E175277}.Release|Any CPU.ActiveCfg = Release|Any CPU
		{ECAEA126-BBF3-448E-BE0A-4E624E175277}.Release|Any CPU.Build.0 = Release|Any CPU
		{7B38C498-548B-494D-AD78-DE91B80053A4}.Debug|Any CPU.ActiveCfg = Debug|Any CPU
		{7B38C498-548B-494D-AD78-DE91B80053A4}.Debug|Any CPU.Build.0 = Debug|Any CPU
		{7B38C498-548B-494D-AD78-DE91B80053A4}.Release|Any CPU.ActiveCfg = Release|Any CPU
		{7B38C498-548B-494D-AD78-DE91B80053A4}.Release|Any CPU.Build.0 = Release|Any CPU
		{E9D0ACAE-9948-42C4-AA6E-F12C70646DBA}.Debug|Any CPU.ActiveCfg = Debug|Any CPU
		{E9D0ACAE-9948-42C4-AA6E-F12C70646DBA}.Debug|Any CPU.Build.0 = Debug|Any CPU
		{E9D0ACAE-9948-42C4-AA6E-F12C70646DBA}.Release|Any CPU.ActiveCfg = Release|Any CPU
		{E9D0ACAE-9948-42C4-AA6E-F12C70646DBA}.Release|Any CPU.Build.0 = Release|Any CPU
		{97574E13-FAB1-4A47-B142-30DAB00B3A3F}.Debug|Any CPU.ActiveCfg = Debug|Any CPU
		{97574E13-FAB1-4A47-B142-30DAB00B3A3F}.Debug|Any CPU.Build.0 = Debug|Any CPU
		{97574E13-FAB1-4A47-B142-30DAB00B3A3F}.Release|Any CPU.ActiveCfg = Release|Any CPU
		{97574E13-FAB1-4A47-B142-30DAB00B3A3F}.Release|Any CPU.Build.0 = Release|Any CPU
	EndGlobalSection
	GlobalSection(NestedProjects) = preSolution
		{ECAEA126-BBF3-448E-BE0A-4E624E175277} = {1C72AD61-E585-4117-9A3D-2F34B80B4CEC}
		{7B38C498-548B-494D-AD78-DE91B80053A4} = {1C72AD61-E585-4117-9A3D-2F34B80B4CEC}
	EndGlobalSection
EndGlobal
